{"is_source_file": false, "format": "", "description": "", "external_files": [], "external_methods": [], "published": [], "classes": [], "methods": [], "calls": [], "search-terms": [], "state": 2, "file_id": 9, "knowledge_revision": 21, "git_revision": "a2855afc16450d9f8272f76536e84949c4c12aaf", "hash": "9c4ed7ef73e22b872b8055bec08b8979", "format-version": 4, "code-base-name": "default", "filename": "piggyhabit/post_process_status.lock", "revision_history": [{"21": "a2855afc16450d9f8272f76536e84949c4c12aaf"}]}