{"is_source_file": false, "format": "", "description": "", "external_files": [], "external_methods": [], "published": [], "classes": [], "methods": [], "calls": [], "search-terms": [], "state": 2, "file_id": 30, "knowledge_revision": 61, "git_revision": "200f09049c404f86931c2acfb542e328b7c93ab3", "hash": "e9b4c3b42cef0193b7fddb548d37e652", "format-version": 4, "code-base-name": "default", "filename": "piggyhabit/post_process_status.lock", "revision_history": [{"61": "200f09049c404f86931c2acfb542e328b7c93ab3"}]}