{"is_source_file": false, "format": "", "description": "", "external_files": [], "external_methods": [], "published": [], "classes": [], "methods": [], "calls": [], "search-terms": [], "state": 2, "file_id": 30, "knowledge_revision": 60, "git_revision": "5be966f53799d5ba7d70eeb4fc3e7b192e1d506d", "hash": "e9b4c3b42cef0193b7fddb548d37e652", "format-version": 4, "code-base-name": "default", "filename": "piggyhabit/post_process_status.lock", "revision_history": [{"60": "5be966f53799d5ba7d70eeb4fc3e7b192e1d506d"}]}